
Microsoft Visual Studio Solution File, Format Version 12.00
# Visual Studio 15
VisualStudioVersion = 15.0.27004.2006
MinimumVisualStudioVersion = 10.0.40219.1
Project("{8BC9CEB8-8B4A-11D0-8D11-00A0C91BC942}") = "Md5", "Md5\Md5.vcxproj", "{A907CC60-1B95-41F7-A722-7DBD6C97F62D}"
EndProject
Project("{8BC9CEB8-8B4A-11D0-8D11-00A0C91BC942}") = "upgrade", "upgrade\upgrade.vcxproj", "{28AE5507-E622-4473-AE44-A2798F72ADB8}"
EndProject
Global
	GlobalSection(SolutionConfigurationPlatforms) = preSolution
		Debug|x64 = Debug|x64
		Debug|x86 = Debug|x86
		Release|x64 = Release|x64
		Release|x86 = Release|x86
	EndGlobalSection
	GlobalSection(ProjectConfigurationPlatforms) = postSolution
		{A907CC60-1B95-41F7-A722-7DBD6C97F62D}.Debug|x64.ActiveCfg = Debug|x64
		{A907CC60-1B95-41F7-A722-7DBD6C97F62D}.Debug|x64.Build.0 = Debug|x64
		{A907CC60-1B95-41F7-A722-7DBD6C97F62D}.Debug|x86.ActiveCfg = Debug|Win32
		{A907CC60-1B95-41F7-A722-7DBD6C97F62D}.Debug|x86.Build.0 = Debug|Win32
		{A907CC60-1B95-41F7-A722-7DBD6C97F62D}.Release|x64.ActiveCfg = Release|x64
		{A907CC60-1B95-41F7-A722-7DBD6C97F62D}.Release|x64.Build.0 = Release|x64
		{A907CC60-1B95-41F7-A722-7DBD6C97F62D}.Release|x86.ActiveCfg = Release|Win32
		{A907CC60-1B95-41F7-A722-7DBD6C97F62D}.Release|x86.Build.0 = Release|Win32
		{28AE5507-E622-4473-AE44-A2798F72ADB8}.Debug|x64.ActiveCfg = Debug|x64
		{28AE5507-E622-4473-AE44-A2798F72ADB8}.Debug|x64.Build.0 = Debug|x64
		{28AE5507-E622-4473-AE44-A2798F72ADB8}.Debug|x86.ActiveCfg = Debug|Win32
		{28AE5507-E622-4473-AE44-A2798F72ADB8}.Debug|x86.Build.0 = Debug|Win32
		{28AE5507-E622-4473-AE44-A2798F72ADB8}.Release|x64.ActiveCfg = Release|x64
		{28AE5507-E622-4473-AE44-A2798F72ADB8}.Release|x64.Build.0 = Release|x64
		{28AE5507-E622-4473-AE44-A2798F72ADB8}.Release|x86.ActiveCfg = Release|Win32
		{28AE5507-E622-4473-AE44-A2798F72ADB8}.Release|x86.Build.0 = Release|Win32
	EndGlobalSection
	GlobalSection(SolutionProperties) = preSolution
		HideSolutionNode = FALSE
	EndGlobalSection
	GlobalSection(ExtensibilityGlobals) = postSolution
		SolutionGuid = {682CCDFB-178F-42B6-9EBD-ACC0C979BA7E}
	EndGlobalSection
EndGlobal
